github.com/davecgh/go-spew v1.1.1 h1:vj9j/u1bqnvCEfJOwUhtlOARqs3+rkHYY13jYWTU97c=
github.com/davecgh/go-spew v1.1.1/go.mod h1:J7Y8YcW2NihsgmVo/mv3lAwl/skON4iLHjSsI+c5H38=
github.com/google/btree v1.1.2 h1:xf4v41cLI2Z6FxbKm+8Bu+m8ifhj15JuZ9sa0jZCMUU=
github.com/google/btree v1.1.2/go.mod h1:qOPhT0dTNdNzV6Z/lhRX0YXUafgPLFUh+gZMl761Gm4=
github.com/pion/randutil v0.1.0 h1:CFG1UdESneORglEsnimhUjf33Rwjubwj6xfiOXBa3mA=
github.com/pion/randutil v0.1.0/go.mod h1:XcJrSMMbbMRhASFVOlj/5hQial/Y8oH/HVo7TBZq+j8=
github.com/pion/rtp v1.8.6 h1:MTmn/b0aWWsAzux2AmP8WGllusBVw4NPYPVFFd7jUPw=
github.com/pion/rtp v1.8.6/go.mod h1:pBGHaFt/yW7bf1jjWAoUjpSNoDnw98KTMg+jWWvziqU=
github.com/pmezard/go-difflib v1.0.0 h1:4DBwDE0NGyQoBHbLQYPwSUPoCMWR5BEzIk/f1lZbAQM=
github.com/pmezard/go-difflib v1.0.0/go.mod h1:iKH77koFhYxTK1pcRnkKkqfTogsbg7gZNVY4sRDYZ/4=
github.com/stretchr/testify v1.9.0 h1:HtqpIVDClZ4nwg75+f6Lvsy/wHu+3BoSGCbBAcpTsTg=
github.com/stretchr/testify v1.9.0/go.mod h1:r2ic/lqez/lEtzL7wO/rwa5dbSLXVDPFyf8C91i36aY=
github.com/zhangyunhao116/fastrand v0.3.0 h1:7bwe124xcckPulX6fxtr2lFdO2KQqaefdtbk+mqO/Ig=
github.com/zhangyunhao116/fastrand v0.3.0/go.mod h1:0v5KgHho0VE6HU192HnY15de/oDS8UrbBChIFjIhBtc=
github.com/zhangyunhao116/skipmap v0.10.1 h1:CMH4yGZQESBM1kUNozQqQ+Ra2pKqwF3HxaTADOaIfPs=
github.com/zhangyunhao116/skipmap v0.10.1/go.mod h1:CClnLPHl3DI+hHgrcy0OZ/QJ45AWgA3ObVcQyJop12c=
github.com/zhangyunhao116/skipset v0.13.0 h1:rSbR/BwzCer0h7NAtjkmhfDeT/HBE9kxq9GnKYK7Ggg=
github.com/zhangyunhao116/skipset v0.13.0/go.mod h1:rUzqz6HEqu70eHS0Jr8bGEbaggULWcvSDrHRe7/4wAA=
golang.org/x/exp v0.0.0-20240525044651-4c93da0ed11d h1:N0hmiNbwsSNwHBAvR3QB5w25pUwH4tK0Y/RltD1j1h4=
golang.org/x/exp v0.0.0-20240525044651-4c93da0ed11d/go.mod h1:XtvwrStGgqGPLc4cjQfWqZHG1YFdYs6swckp8vpsjnc=
gopkg.in/check.v1 v0.0.0-20161208181325-20d25e280405 h1:yhCVgyC4o1eVCa2tZl7eS0r+SDo693bJlVdllGtEeKM=
gopkg.in/check.v1 v0.0.0-20161208181325-20d25e280405/go.mod h1:Co6ibVJAznAaIkqp8huTwlJQCZ016jof/cbN4VW5Yz0=
gopkg.in/yaml.v3 v3.0.1 h1:fxVm/GzAzEWqLHuvctI91KS9hhNmmWOoWu0XTYJS7CA=
gopkg.in/yaml.v3 v3.0.1/go.mod h1:K4uyk7z7BCEPqu6E+C64Yfv1cQ7kz7rIZviUmN+EgEM=
